
Microsoft Visual Studio Solution File, Format Version 12.00
Project("{FAE04EC0-301F-11D3-BF4B-00C04F79EFBC}") = "BiometricSimulator.WebApp", "BiometricSimulator.WebApp\BiometricSimulator.WebApp.csproj", "{B1EF7C3F-A85E-46C8-B3D2-433A395FF75A}"
EndProject
Global
	GlobalSection(SolutionConfigurationPlatforms) = preSolution
		Debug|Any CPU = Debug|Any CPU
		Release|Any CPU = Release|Any CPU
	EndGlobalSection
	GlobalSection(ProjectConfigurationPlatforms) = postSolution
		{B1EF7C3F-A85E-46C8-B3D2-433A395FF75A}.Debug|Any CPU.ActiveCfg = Debug|Any CPU
		{B1EF7C3F-A85E-46C8-B3D2-433A395FF75A}.Debug|Any CPU.Build.0 = Debug|Any CPU
		{B1EF7C3F-A85E-46C8-B3D2-433A395FF75A}.Release|Any CPU.ActiveCfg = Release|Any CPU
		{B1EF7C3F-A85E-46C8-B3D2-433A395FF75A}.Release|Any CPU.Build.0 = Release|Any CPU
	EndGlobalSection
EndGlobal
